
Microsoft Visual Studio Solution File, Format Version 12.00
# Visual Studio Version 17
VisualStudioVersion = 17.11.35312.102
MinimumVisualStudioVersion = 10.0.40219.1
Project("{9A19103F-16F7-4668-BE54-9A1E7A4F7556}") = "Event.Processor", "Event.Processor\Event.Processor.csproj", "{127AF6A9-D0C7-4F29-BADE-B9271D5F1E77}"
EndProject
Project("{FAE04EC0-301F-11D3-BF4B-00C04F79EFBC}") = "Event.Generator", "Event.Generator\Event.Generator.csproj", "{C174393D-1675-4E40-9422-2E4A90FDF288}"
EndProject
Project("{2150E333-8FDC-42A3-9474-1A3956D46DE8}") = "Solution Items", "Solution Items", "{89B6CD23-520C-44D5-BB09-32B6A468BCC2}"
	ProjectSection(SolutionItems) = preProject
		docker-compose.yml = docker-compose.yml
	EndProjectSection
EndProject
Global
	GlobalSection(SolutionConfigurationPlatforms) = preSolution
		Debug|Any CPU = Debug|Any CPU
		Release|Any CPU = Release|Any CPU
	EndGlobalSection
	GlobalSection(ProjectConfigurationPlatforms) = postSolution
		{127AF6A9-D0C7-4F29-BADE-B9271D5F1E77}.Debug|Any CPU.ActiveCfg = Debug|Any CPU
		{127AF6A9-D0C7-4F29-BADE-B9271D5F1E77}.Debug|Any CPU.Build.0 = Debug|Any CPU
		{127AF6A9-D0C7-4F29-BADE-B9271D5F1E77}.Release|Any CPU.ActiveCfg = Release|Any CPU
		{127AF6A9-D0C7-4F29-BADE-B9271D5F1E77}.Release|Any CPU.Build.0 = Release|Any CPU
		{C174393D-1675-4E40-9422-2E4A90FDF288}.Debug|Any CPU.ActiveCfg = Debug|Any CPU
		{C174393D-1675-4E40-9422-2E4A90FDF288}.Debug|Any CPU.Build.0 = Debug|Any CPU
		{C174393D-1675-4E40-9422-2E4A90FDF288}.Release|Any CPU.ActiveCfg = Release|Any CPU
		{C174393D-1675-4E40-9422-2E4A90FDF288}.Release|Any CPU.Build.0 = Release|Any CPU
	EndGlobalSection
	GlobalSection(SolutionProperties) = preSolution
		HideSolutionNode = FALSE
	EndGlobalSection
	GlobalSection(ExtensibilityGlobals) = postSolution
		SolutionGuid = {E45DD439-F083-4717-8F54-1DE4C46F7363}
	EndGlobalSection
EndGlobal
